
Microsoft Visual Studio Solution File, Format Version 12.00
# Visual Studio Version 17
VisualStudioVersion = 17.0.31903.59
MinimumVisualStudioVersion = 10.0.40219.1
Project("{FAE04EC0-301F-11D3-BF4B-00C04F79EFBC}") = "Newsletter.Worker", "Newsletter.Worker\Newsletter.Worker.csproj", "{17A12BFD-4778-4AB2-BAE2-AE5DA68DB159}"
EndProject
Project("{FAE04EC0-301F-11D3-BF4B-00C04F79EFBC}") = "Newsletter.Tests", "Newsletter.Tests\Newsletter.Tests.csproj", "{A544A0CF-0836-4852-99C9-1E257B489788}"
EndProject
Global
	GlobalSection(SolutionConfigurationPlatforms) = preSolution
		Debug|Any CPU = Debug|Any CPU
		Release|Any CPU = Release|Any CPU
	EndGlobalSection
	GlobalSection(SolutionProperties) = preSolution
		HideSolutionNode = FALSE
	EndGlobalSection
	GlobalSection(ProjectConfigurationPlatforms) = postSolution
		{17A12BFD-4778-4AB2-BAE2-AE5DA68DB159}.Debug|Any CPU.ActiveCfg = Debug|Any CPU
		{17A12BFD-4778-4AB2-BAE2-AE5DA68DB159}.Debug|Any CPU.Build.0 = Debug|Any CPU
		{17A12BFD-4778-4AB2-BAE2-AE5DA68DB159}.Release|Any CPU.ActiveCfg = Release|Any CPU
		{17A12BFD-4778-4AB2-BAE2-AE5DA68DB159}.Release|Any CPU.Build.0 = Release|Any CPU
		{A544A0CF-0836-4852-99C9-1E257B489788}.Debug|Any CPU.ActiveCfg = Debug|Any CPU
		{A544A0CF-0836-4852-99C9-1E257B489788}.Debug|Any CPU.Build.0 = Debug|Any CPU
		{A544A0CF-0836-4852-99C9-1E257B489788}.Release|Any CPU.ActiveCfg = Release|Any CPU
		{A544A0CF-0836-4852-99C9-1E257B489788}.Release|Any CPU.Build.0 = Release|Any CPU
	EndGlobalSection
EndGlobal
